// !$*UTF8*$!
{
	archiveVersion = 1;
	classes = {
	};
	objectVersion = 56;
	objects = {

/* Begin PBXBuildFile section */
		639CDF9C296AC82F00C35E58 /* SafariRouteur.swift in Sources */ = {isa = PBXBuildFile; fileRef = 639CDF9B296AC82F00C35E58 /* SafariRouteur.swift */; };
		9F24EEB829360C330042359D /* Preview Assets.xcassets in Resources */ = {isa = PBXBuildFile; fileRef = 9F24EEB729360C330042359D /* Preview Assets.xcassets */; };
		9F295540292B6C3400E0E81B /* Timeline in Frameworks */ = {isa = PBXBuildFile; productRef = 9F29553F292B6C3400E0E81B /* Timeline */; };
		9F2A540729699698009B2D7C /* SupportAppView.swift in Sources */ = {isa = PBXBuildFile; fileRef = 9F2A540629699698009B2D7C /* SupportAppView.swift */; };
		9F2A540A29699705009B2D7C /* ReceiptParser in Frameworks */ = {isa = PBXBuildFile; productRef = 9F2A540929699705009B2D7C /* ReceiptParser */; };
		9F2A540C29699705009B2D7C /* RevenueCat in Frameworks */ = {isa = PBXBuildFile; productRef = 9F2A540B29699705009B2D7C /* RevenueCat */; };
		9F2A540E2969A0B0009B2D7C /* StoreKit.framework in Frameworks */ = {isa = PBXBuildFile; fileRef = 9F2A540D2969A0B0009B2D7C /* StoreKit.framework */; };
		9F2A5411296A1429009B2D7C /* PushNotificationsView.swift in Sources */ = {isa = PBXBuildFile; fileRef = 9F2A5410296A1429009B2D7C /* PushNotificationsView.swift */; };
		9F2A5419296AB631009B2D7C /* NotificationService.swift in Sources */ = {isa = PBXBuildFile; fileRef = 9F2A5418296AB631009B2D7C /* NotificationService.swift */; };
		9F2A541D296AB631009B2D7C /* IceCubesNotifications.appex in Embed Foundation Extensions */ = {isa = PBXBuildFile; fileRef = 9F2A5416296AB631009B2D7C /* IceCubesNotifications.appex */; settings = {ATTRIBUTES = (RemoveHeadersOnCopy, ); }; };
		9F2A5424296AB67A009B2D7C /* Env in Frameworks */ = {isa = PBXBuildFile; productRef = 9F2A5423296AB67A009B2D7C /* Env */; };
		9F2A5426296AB67E009B2D7C /* KeychainSwift in Frameworks */ = {isa = PBXBuildFile; productRef = 9F2A5425296AB67E009B2D7C /* KeychainSwift */; };
		9F2A5428296AB683009B2D7C /* Models in Frameworks */ = {isa = PBXBuildFile; productRef = 9F2A5427296AB683009B2D7C /* Models */; };
		9F2A542A296AF557009B2D7C /* NotificationServiceSupport.swift in Sources */ = {isa = PBXBuildFile; fileRef = 9F2A5429296AF557009B2D7C /* NotificationServiceSupport.swift */; };
		9F2A542C296B1177009B2D7C /* glass.caf in Resources */ = {isa = PBXBuildFile; fileRef = 9F2A542B296B1177009B2D7C /* glass.caf */; };
		9F2A542E296B1CC0009B2D7C /* glass.wav in Resources */ = {isa = PBXBuildFile; fileRef = 9F2A542D296B1CC0009B2D7C /* glass.wav */; };
		9F2B92F6295AE04800DE16D0 /* Tabs.swift in Sources */ = {isa = PBXBuildFile; fileRef = 9F2B92F5295AE04800DE16D0 /* Tabs.swift */; };
		9F2B92FA295DA7D700DE16D0 /* AddAccountsView.swift in Sources */ = {isa = PBXBuildFile; fileRef = 9F2B92F9295DA7D700DE16D0 /* AddAccountsView.swift */; };
		9F2B92FC295DA94500DE16D0 /* InstanceInfoView.swift in Sources */ = {isa = PBXBuildFile; fileRef = 9F2B92FB295DA94500DE16D0 /* InstanceInfoView.swift */; };
		9F2B92FF295EB87100DE16D0 /* AppAccountView.swift in Sources */ = {isa = PBXBuildFile; fileRef = 9F2B92FE295EB87100DE16D0 /* AppAccountView.swift */; };
		9F2B9301295EB8A100DE16D0 /* AppAccountViewModel.swift in Sources */ = {isa = PBXBuildFile; fileRef = 9F2B9300295EB8A100DE16D0 /* AppAccountViewModel.swift */; };
		9F35DB44294F9A7D00B3281A /* Status in Frameworks */ = {isa = PBXBuildFile; productRef = 9F35DB43294F9A7D00B3281A /* Status */; };
		9F35DB4729506F6600B3281A /* NotificationTab.swift in Sources */ = {isa = PBXBuildFile; fileRef = 9F35DB4629506F6600B3281A /* NotificationTab.swift */; };
		9F35DB4A29506FA100B3281A /* Notifications in Frameworks */ = {isa = PBXBuildFile; productRef = 9F35DB4929506FA100B3281A /* Notifications */; };
		9F35DB4C2952005C00B3281A /* MessagesTab.swift in Sources */ = {isa = PBXBuildFile; fileRef = 9F35DB4B2952005C00B3281A /* MessagesTab.swift */; };
		9F398AA62935FE8A00A889F2 /* AppRouteur.swift in Sources */ = {isa = PBXBuildFile; fileRef = 9F398AA52935FE8A00A889F2 /* AppRouteur.swift */; };
		9F398AA92935FFDB00A889F2 /* Account in Frameworks */ = {isa = PBXBuildFile; productRef = 9F398AA82935FFDB00A889F2 /* Account */; };
		9F398AAB2935FFDB00A889F2 /* Models in Frameworks */ = {isa = PBXBuildFile; productRef = 9F398AAA2935FFDB00A889F2 /* Models */; };
		9F398AB329360A4C00A889F2 /* TimelineTab.swift in Sources */ = {isa = PBXBuildFile; fileRef = 9F398AB229360A4C00A889F2 /* TimelineTab.swift */; };
		9F55C68D2955968700F94077 /* ExploreTab.swift in Sources */ = {isa = PBXBuildFile; fileRef = 9F55C68C2955968700F94077 /* ExploreTab.swift */; };
		9F55C6902955993C00F94077 /* Explore in Frameworks */ = {isa = PBXBuildFile; productRef = 9F55C68F2955993C00F94077 /* Explore */; };
		9F5E581929545BE700A53960 /* Env in Frameworks */ = {isa = PBXBuildFile; productRef = 9F5E581829545BE700A53960 /* Env */; };
		9F7335EA2966B3F800AFF0BA /* Conversations in Frameworks */ = {isa = PBXBuildFile; productRef = 9F7335E92966B3F800AFF0BA /* Conversations */; };
		9F7335ED2967463400AFF0BA /* AVKit.framework in Frameworks */ = {isa = PBXBuildFile; fileRef = 9F7335EB2967461B00AFF0BA /* AVKit.framework */; };
		9F7335EF29674F7100AFF0BA /* QuickLook.framework in Frameworks */ = {isa = PBXBuildFile; fileRef = 9F7335EE29674F7100AFF0BA /* QuickLook.framework */; };
		9F7335F22967608F00AFF0BA /* AddRemoteTimelineVIew.swift in Sources */ = {isa = PBXBuildFile; fileRef = 9F7335F12967608F00AFF0BA /* AddRemoteTimelineVIew.swift */; };
		9F7335F72968274500AFF0BA /* AppAccountsSelectorView.swift in Sources */ = {isa = PBXBuildFile; fileRef = 9F7335F62968274500AFF0BA /* AppAccountsSelectorView.swift */; };
		9F7335F92968576500AFF0BA /* DisplaySettingsView.swift in Sources */ = {isa = PBXBuildFile; fileRef = 9F7335F82968576500AFF0BA /* DisplaySettingsView.swift */; };
		9FAE4ACB293783B000772766 /* SettingsTab.swift in Sources */ = {isa = PBXBuildFile; fileRef = 9FAE4ACA293783B000772766 /* SettingsTab.swift */; };
		9FAE4ACE29379A5A00772766 /* KeychainSwift in Frameworks */ = {isa = PBXBuildFile; productRef = 9FAE4ACD29379A5A00772766 /* KeychainSwift */; };
		9FAE4AD129379AD600772766 /* AppAccount.swift in Sources */ = {isa = PBXBuildFile; fileRef = 9FAE4AD029379AD600772766 /* AppAccount.swift */; };
		9FAE4AD32937A0C600772766 /* AppAccountsManager.swift in Sources */ = {isa = PBXBuildFile; fileRef = 9FAE4AD22937A0C600772766 /* AppAccountsManager.swift */; };
		9FBFE63D292A715500C250E9 /* IceCubesApp.swift in Sources */ = {isa = PBXBuildFile; fileRef = 9FBFE63C292A715500C250E9 /* IceCubesApp.swift */; };
		9FBFE64E292A72BD00C250E9 /* Network in Frameworks */ = {isa = PBXBuildFile; productRef = 9FBFE64D292A72BD00C250E9 /* Network */; };
		9FD34823293D06E800DB0EE9 /* Assets.xcassets in Resources */ = {isa = PBXBuildFile; fileRef = 9FD34822293D06E800DB0EE9 /* Assets.xcassets */; };
		9FD542E72962D2FF0045321A /* Lists in Frameworks */ = {isa = PBXBuildFile; productRef = 9FD542E62962D2FF0045321A /* Lists */; };
		9FE151A6293C90F900E9683D /* IconSelectorView.swift in Sources */ = {isa = PBXBuildFile; fileRef = 9FE151A5293C90F900E9683D /* IconSelectorView.swift */; };
/* End PBXBuildFile section */

/* Begin PBXContainerItemProxy section */
		9F2A541B296AB631009B2D7C /* PBXContainerItemProxy */ = {
			isa = PBXContainerItemProxy;
			containerPortal = 9FBFE631292A715500C250E9 /* Project object */;
			proxyType = 1;
			remoteGlobalIDString = 9F2A5415296AB631009B2D7C;
			remoteInfo = IceCubesNotifications;
		};
/* End PBXContainerItemProxy section */

/* Begin PBXCopyFilesBuildPhase section */
		9F2A5421296AB631009B2D7C /* Embed Foundation Extensions */ = {
			isa = PBXCopyFilesBuildPhase;
			buildActionMask = 2147483647;
			dstPath = "";
			dstSubfolderSpec = 13;
			files = (
				9F2A541D296AB631009B2D7C /* IceCubesNotifications.appex in Embed Foundation Extensions */,
			);
			name = "Embed Foundation Extensions";
			runOnlyForDeploymentPostprocessing = 0;
		};
/* End PBXCopyFilesBuildPhase section */

/* Begin PBXFileReference section */
		639CDF9B296AC82F00C35E58 /* SafariRouteur.swift */ = {isa = PBXFileReference; lastKnownFileType = sourcecode.swift; path = SafariRouteur.swift; sourceTree = "<group>"; };
		9F24EEB729360C330042359D /* Preview Assets.xcassets */ = {isa = PBXFileReference; lastKnownFileType = folder.assetcatalog; path = "Preview Assets.xcassets"; sourceTree = "<group>"; };
		9F29553D292B67B600E0E81B /* Network */ = {isa = PBXFileReference; lastKnownFileType = wrapper; name = Network; path = Packages/Network; sourceTree = "<group>"; };
		9F29553E292B6AF600E0E81B /* Timeline */ = {isa = PBXFileReference; lastKnownFileType = wrapper; name = Timeline; path = Packages/Timeline; sourceTree = "<group>"; };
		9F2A5404296995FB009B2D7C /* QuickLookUI.framework */ = {isa = PBXFileReference; lastKnownFileType = wrapper.framework; name = QuickLookUI.framework; path = System/Library/Frameworks/QuickLookUI.framework; sourceTree = SDKROOT; };
		9F2A540629699698009B2D7C /* SupportAppView.swift */ = {isa = PBXFileReference; lastKnownFileType = sourcecode.swift; path = SupportAppView.swift; sourceTree = "<group>"; };
		9F2A540D2969A0B0009B2D7C /* StoreKit.framework */ = {isa = PBXFileReference; lastKnownFileType = wrapper.framework; name = StoreKit.framework; path = System/Library/Frameworks/StoreKit.framework; sourceTree = SDKROOT; };
		9F2A5410296A1429009B2D7C /* PushNotificationsView.swift */ = {isa = PBXFileReference; lastKnownFileType = sourcecode.swift; path = PushNotificationsView.swift; sourceTree = "<group>"; };
		9F2A5416296AB631009B2D7C /* IceCubesNotifications.appex */ = {isa = PBXFileReference; explicitFileType = "wrapper.app-extension"; includeInIndex = 0; path = IceCubesNotifications.appex; sourceTree = BUILT_PRODUCTS_DIR; };
		9F2A5418296AB631009B2D7C /* NotificationService.swift */ = {isa = PBXFileReference; lastKnownFileType = sourcecode.swift; path = NotificationService.swift; sourceTree = "<group>"; };
		9F2A541A296AB631009B2D7C /* Info.plist */ = {isa = PBXFileReference; lastKnownFileType = text.plist.xml; path = Info.plist; sourceTree = "<group>"; };
		9F2A5422296AB64B009B2D7C /* IceCubesNotifications.entitlements */ = {isa = PBXFileReference; lastKnownFileType = text.plist.entitlements; path = IceCubesNotifications.entitlements; sourceTree = "<group>"; };
		9F2A5429296AF557009B2D7C /* NotificationServiceSupport.swift */ = {isa = PBXFileReference; lastKnownFileType = sourcecode.swift; path = NotificationServiceSupport.swift; sourceTree = "<group>"; };
		9F2A542B296B1177009B2D7C /* glass.caf */ = {isa = PBXFileReference; lastKnownFileType = file; path = glass.caf; sourceTree = "<group>"; };
		9F2A542D296B1CC0009B2D7C /* glass.wav */ = {isa = PBXFileReference; lastKnownFileType = audio.wav; path = glass.wav; sourceTree = "<group>"; };
		9F2B92F5295AE04800DE16D0 /* Tabs.swift */ = {isa = PBXFileReference; lastKnownFileType = sourcecode.swift; path = Tabs.swift; sourceTree = "<group>"; };
		9F2B92F9295DA7D700DE16D0 /* AddAccountsView.swift */ = {isa = PBXFileReference; lastKnownFileType = sourcecode.swift; path = AddAccountsView.swift; sourceTree = "<group>"; };
		9F2B92FB295DA94500DE16D0 /* InstanceInfoView.swift */ = {isa = PBXFileReference; lastKnownFileType = sourcecode.swift; path = InstanceInfoView.swift; sourceTree = "<group>"; };
		9F2B92FE295EB87100DE16D0 /* AppAccountView.swift */ = {isa = PBXFileReference; lastKnownFileType = sourcecode.swift; path = AppAccountView.swift; sourceTree = "<group>"; };
		9F2B9300295EB8A100DE16D0 /* AppAccountViewModel.swift */ = {isa = PBXFileReference; lastKnownFileType = sourcecode.swift; path = AppAccountViewModel.swift; sourceTree = "<group>"; };
		9F35DB42294F9A2900B3281A /* Status */ = {isa = PBXFileReference; lastKnownFileType = wrapper; name = Status; path = Packages/Status; sourceTree = "<group>"; };
		9F35DB45294FA04C00B3281A /* DesignSystem */ = {isa = PBXFileReference; lastKnownFileType = wrapper; name = DesignSystem; path = Packages/DesignSystem; sourceTree = "<group>"; };
		9F35DB4629506F6600B3281A /* NotificationTab.swift */ = {isa = PBXFileReference; lastKnownFileType = sourcecode.swift; path = NotificationTab.swift; sourceTree = "<group>"; };
		9F35DB4829506F7F00B3281A /* Notifications */ = {isa = PBXFileReference; lastKnownFileType = wrapper; name = Notifications; path = Packages/Notifications; sourceTree = "<group>"; };
		9F35DB4B2952005C00B3281A /* MessagesTab.swift */ = {isa = PBXFileReference; lastKnownFileType = sourcecode.swift; path = MessagesTab.swift; sourceTree = "<group>"; };
		9F398AA32935F90100A889F2 /* Models */ = {isa = PBXFileReference; lastKnownFileType = wrapper; name = Models; path = Packages/Models; sourceTree = "<group>"; };
		9F398AA52935FE8A00A889F2 /* AppRouteur.swift */ = {isa = PBXFileReference; lastKnownFileType = sourcecode.swift; path = AppRouteur.swift; sourceTree = "<group>"; };
		9F398AAC2936005300A889F2 /* Account */ = {isa = PBXFileReference; lastKnownFileType = wrapper; name = Account; path = Packages/Account; sourceTree = "<group>"; };
		9F398AB229360A4C00A889F2 /* TimelineTab.swift */ = {isa = PBXFileReference; lastKnownFileType = sourcecode.swift; path = TimelineTab.swift; sourceTree = "<group>"; };
		9F55C68C2955968700F94077 /* ExploreTab.swift */ = {isa = PBXFileReference; lastKnownFileType = sourcecode.swift; path = ExploreTab.swift; sourceTree = "<group>"; };
		9F55C68E295598F900F94077 /* Explore */ = {isa = PBXFileReference; lastKnownFileType = wrapper; name = Explore; path = Packages/Explore; sourceTree = "<group>"; };
		9F5E581729545B5500A53960 /* Env */ = {isa = PBXFileReference; lastKnownFileType = wrapper; name = Env; path = Packages/Env; sourceTree = "<group>"; };
		9F7335E82966B3DC00AFF0BA /* Conversations */ = {isa = PBXFileReference; lastKnownFileType = wrapper; name = Conversations; path = Packages/Conversations; sourceTree = "<group>"; };
		9F7335EB2967461B00AFF0BA /* AVKit.framework */ = {isa = PBXFileReference; lastKnownFileType = wrapper.framework; name = AVKit.framework; path = Platforms/iPhoneOS.platform/Developer/SDKs/iPhoneOS16.2.sdk/System/Library/Frameworks/AVKit.framework; sourceTree = DEVELOPER_DIR; };
		9F7335EE29674F7100AFF0BA /* QuickLook.framework */ = {isa = PBXFileReference; lastKnownFileType = wrapper.framework; name = QuickLook.framework; path = Platforms/iPhoneOS.platform/Developer/SDKs/iPhoneOS16.2.sdk/System/Library/Frameworks/QuickLook.framework; sourceTree = DEVELOPER_DIR; };
		9F7335F12967608F00AFF0BA /* AddRemoteTimelineVIew.swift */ = {isa = PBXFileReference; lastKnownFileType = sourcecode.swift; path = AddRemoteTimelineVIew.swift; sourceTree = "<group>"; };
		9F7335F62968274500AFF0BA /* AppAccountsSelectorView.swift */ = {isa = PBXFileReference; lastKnownFileType = sourcecode.swift; path = AppAccountsSelectorView.swift; sourceTree = "<group>"; };
		9F7335F82968576500AFF0BA /* DisplaySettingsView.swift */ = {isa = PBXFileReference; lastKnownFileType = sourcecode.swift; path = DisplaySettingsView.swift; sourceTree = "<group>"; };
		9FAE4AC8293774FF00772766 /* Info.plist */ = {isa = PBXFileReference; lastKnownFileType = text.plist; path = Info.plist; sourceTree = "<group>"; };
		9FAE4ACA293783B000772766 /* SettingsTab.swift */ = {isa = PBXFileReference; lastKnownFileType = sourcecode.swift; path = SettingsTab.swift; sourceTree = "<group>"; };
		9FAE4AD029379AD600772766 /* AppAccount.swift */ = {isa = PBXFileReference; lastKnownFileType = sourcecode.swift; path = AppAccount.swift; sourceTree = "<group>"; };
		9FAE4AD22937A0C600772766 /* AppAccountsManager.swift */ = {isa = PBXFileReference; lastKnownFileType = sourcecode.swift; path = AppAccountsManager.swift; sourceTree = "<group>"; };
		9FBFE639292A715500C250E9 /* IceCubesApp.app */ = {isa = PBXFileReference; explicitFileType = wrapper.application; includeInIndex = 0; path = IceCubesApp.app; sourceTree = BUILT_PRODUCTS_DIR; };
		9FBFE63C292A715500C250E9 /* IceCubesApp.swift */ = {isa = PBXFileReference; lastKnownFileType = sourcecode.swift; path = IceCubesApp.swift; sourceTree = "<group>"; };
		9FBFE642292A715600C250E9 /* IceCubesApp.entitlements */ = {isa = PBXFileReference; lastKnownFileType = text.plist.entitlements; path = IceCubesApp.entitlements; sourceTree = "<group>"; };
		9FD34822293D06E800DB0EE9 /* Assets.xcassets */ = {isa = PBXFileReference; lastKnownFileType = folder.assetcatalog; path = Assets.xcassets; sourceTree = "<group>"; };
		9FD542E52962D2CE0045321A /* Lists */ = {isa = PBXFileReference; lastKnownFileType = wrapper; name = Lists; path = Packages/Lists; sourceTree = "<group>"; };
		9FE151A5293C90F900E9683D /* IconSelectorView.swift */ = {isa = PBXFileReference; lastKnownFileType = sourcecode.swift; path = IconSelectorView.swift; sourceTree = "<group>"; };
/* End PBXFileReference section */

/* Begin PBXFrameworksBuildPhase section */
		9F2A5413296AB631009B2D7C /* Frameworks */ = {
			isa = PBXFrameworksBuildPhase;
			buildActionMask = 2147483647;
			files = (
				9F2A5428296AB683009B2D7C /* Models in Frameworks */,
				9F2A5426296AB67E009B2D7C /* KeychainSwift in Frameworks */,
				9F2A5424296AB67A009B2D7C /* Env in Frameworks */,
			);
			runOnlyForDeploymentPostprocessing = 0;
		};
		9FBFE636292A715500C250E9 /* Frameworks */ = {
			isa = PBXFrameworksBuildPhase;
			buildActionMask = 2147483647;
			files = (
				9F7335EF29674F7100AFF0BA /* QuickLook.framework in Frameworks */,
				9F7335ED2967463400AFF0BA /* AVKit.framework in Frameworks */,
				9F2A540C29699705009B2D7C /* RevenueCat in Frameworks */,
				9F2A540E2969A0B0009B2D7C /* StoreKit.framework in Frameworks */,
				9F55C6902955993C00F94077 /* Explore in Frameworks */,
				9FAE4ACE29379A5A00772766 /* KeychainSwift in Frameworks */,
				9F7335EA2966B3F800AFF0BA /* Conversations in Frameworks */,
				9F398AA92935FFDB00A889F2 /* Account in Frameworks */,
				9FBFE64E292A72BD00C250E9 /* Network in Frameworks */,
				9FD542E72962D2FF0045321A /* Lists in Frameworks */,
				9F398AAB2935FFDB00A889F2 /* Models in Frameworks */,
				9F5E581929545BE700A53960 /* Env in Frameworks */,
				9F2A540A29699705009B2D7C /* ReceiptParser in Frameworks */,
				9F35DB44294F9A7D00B3281A /* Status in Frameworks */,
				9F295540292B6C3400E0E81B /* Timeline in Frameworks */,
				9F35DB4A29506FA100B3281A /* Notifications in Frameworks */,
			);
			runOnlyForDeploymentPostprocessing = 0;
		};
/* End PBXFrameworksBuildPhase section */

/* Begin PBXGroup section */
		9F2A5417296AB631009B2D7C /* IceCubesNotifications */ = {
			isa = PBXGroup;
			children = (
				9F2A5422296AB64B009B2D7C /* IceCubesNotifications.entitlements */,
				9F2A5418296AB631009B2D7C /* NotificationService.swift */,
				9F2A5429296AF557009B2D7C /* NotificationServiceSupport.swift */,
				9F2A541A296AB631009B2D7C /* Info.plist */,
			);
			path = IceCubesNotifications;
			sourceTree = "<group>";
		};
		9F398AB429360A5800A889F2 /* App */ = {
			isa = PBXGroup;
			children = (
				9FAE4ACF29379ACA00772766 /* AppAccounts */,
				9FAE4AC9293783A200772766 /* Tabs */,
				9FBFE63C292A715500C250E9 /* IceCubesApp.swift */,
				9F398AA52935FE8A00A889F2 /* AppRouteur.swift */,
				639CDF9B296AC82F00C35E58 /* SafariRouteur.swift */,
			);
			path = App;
			sourceTree = "<group>";
		};
		9F398AB529360A6100A889F2 /* Resources */ = {
			isa = PBXGroup;
			children = (
				9F2A542D296B1CC0009B2D7C /* glass.wav */,
				9F2A542B296B1177009B2D7C /* glass.caf */,
				9F24EEB729360C330042359D /* Preview Assets.xcassets */,
			);
			path = Resources;
			sourceTree = "<group>";
		};
		9F7335F02967607A00AFF0BA /* Timeline */ = {
			isa = PBXGroup;
			children = (
				9F398AB229360A4C00A889F2 /* TimelineTab.swift */,
				9F7335F12967608F00AFF0BA /* AddRemoteTimelineVIew.swift */,
			);
			path = Timeline;
			sourceTree = "<group>";
		};
		9FAE4AC9293783A200772766 /* Tabs */ = {
			isa = PBXGroup;
			children = (
				9F7335F02967607A00AFF0BA /* Timeline */,
				9FE151A4293C90EA00E9683D /* Settings */,
				9F35DB4629506F6600B3281A /* NotificationTab.swift */,
				9F35DB4B2952005C00B3281A /* MessagesTab.swift */,
				9F55C68C2955968700F94077 /* ExploreTab.swift */,
				9F2B92F5295AE04800DE16D0 /* Tabs.swift */,
			);
			path = Tabs;
			sourceTree = "<group>";
		};
		9FAE4ACF29379ACA00772766 /* AppAccounts */ = {
			isa = PBXGroup;
			children = (
				9FAE4AD029379AD600772766 /* AppAccount.swift */,
				9FAE4AD22937A0C600772766 /* AppAccountsManager.swift */,
				9F2B92FE295EB87100DE16D0 /* AppAccountView.swift */,
				9F2B9300295EB8A100DE16D0 /* AppAccountViewModel.swift */,
				9F7335F62968274500AFF0BA /* AppAccountsSelectorView.swift */,
			);
			path = AppAccounts;
			sourceTree = "<group>";
		};
		9FBFE630292A715500C250E9 = {
			isa = PBXGroup;
			children = (
				9FBFE63B292A715500C250E9 /* IceCubesApp */,
				9F2A5417296AB631009B2D7C /* IceCubesNotifications */,
				9FBFE63A292A715500C250E9 /* Products */,
				9FBFE64C292A72BD00C250E9 /* Frameworks */,
				9F398AAC2936005300A889F2 /* Account */,
				9F7335E82966B3DC00AFF0BA /* Conversations */,
				9F35DB45294FA04C00B3281A /* DesignSystem */,
				9F55C68E295598F900F94077 /* Explore */,
				9F5E581729545B5500A53960 /* Env */,
				9F398AA32935F90100A889F2 /* Models */,
				9F29553D292B67B600E0E81B /* Network */,
				9FD542E52962D2CE0045321A /* Lists */,
				9F35DB4829506F7F00B3281A /* Notifications */,
				9F29553E292B6AF600E0E81B /* Timeline */,
				9F35DB42294F9A2900B3281A /* Status */,
			);
			sourceTree = "<group>";
		};
		9FBFE63A292A715500C250E9 /* Products */ = {
			isa = PBXGroup;
			children = (
				9FBFE639292A715500C250E9 /* IceCubesApp.app */,
				9F2A5416296AB631009B2D7C /* IceCubesNotifications.appex */,
			);
			name = Products;
			sourceTree = "<group>";
		};
		9FBFE63B292A715500C250E9 /* IceCubesApp */ = {
			isa = PBXGroup;
			children = (
				9FD34822293D06E800DB0EE9 /* Assets.xcassets */,
				9FAE4AC8293774FF00772766 /* Info.plist */,
				9F398AB429360A5800A889F2 /* App */,
				9FBFE642292A715600C250E9 /* IceCubesApp.entitlements */,
				9F398AB529360A6100A889F2 /* Resources */,
			);
			path = IceCubesApp;
			sourceTree = "<group>";
		};
		9FBFE64C292A72BD00C250E9 /* Frameworks */ = {
			isa = PBXGroup;
			children = (
				9F2A540D2969A0B0009B2D7C /* StoreKit.framework */,
				9F2A5404296995FB009B2D7C /* QuickLookUI.framework */,
				9F7335EE29674F7100AFF0BA /* QuickLook.framework */,
				9F7335EB2967461B00AFF0BA /* AVKit.framework */,
			);
			name = Frameworks;
			sourceTree = "<group>";
		};
		9FE151A4293C90EA00E9683D /* Settings */ = {
			isa = PBXGroup;
			children = (
				9FAE4ACA293783B000772766 /* SettingsTab.swift */,
				9FE151A5293C90F900E9683D /* IconSelectorView.swift */,
				9F2B92F9295DA7D700DE16D0 /* AddAccountsView.swift */,
				9F2B92FB295DA94500DE16D0 /* InstanceInfoView.swift */,
				9F7335F82968576500AFF0BA /* DisplaySettingsView.swift */,
				9F2A540629699698009B2D7C /* SupportAppView.swift */,
				9F2A5410296A1429009B2D7C /* PushNotificationsView.swift */,
			);
			path = Settings;
			sourceTree = "<group>";
		};
/* End PBXGroup section */

/* Begin PBXNativeTarget section */
		9F2A5415296AB631009B2D7C /* IceCubesNotifications */ = {
			isa = PBXNativeTarget;
			buildConfigurationList = 9F2A541E296AB631009B2D7C /* Build configuration list for PBXNativeTarget "IceCubesNotifications" */;
			buildPhases = (
				9F2A5412296AB631009B2D7C /* Sources */,
				9F2A5413296AB631009B2D7C /* Frameworks */,
				9F2A5414296AB631009B2D7C /* Resources */,
			);
			buildRules = (
			);
			dependencies = (
			);
			name = IceCubesNotifications;
			packageProductDependencies = (
				9F2A5423296AB67A009B2D7C /* Env */,
				9F2A5425296AB67E009B2D7C /* KeychainSwift */,
				9F2A5427296AB683009B2D7C /* Models */,
			);
			productName = IceCubesNotifications;
			productReference = 9F2A5416296AB631009B2D7C /* IceCubesNotifications.appex */;
			productType = "com.apple.product-type.app-extension";
		};
		9FBFE638292A715500C250E9 /* IceCubesApp */ = {
			isa = PBXNativeTarget;
			buildConfigurationList = 9FBFE648292A715600C250E9 /* Build configuration list for PBXNativeTarget "IceCubesApp" */;
			buildPhases = (
				9FBFE635292A715500C250E9 /* Sources */,
				9FBFE636292A715500C250E9 /* Frameworks */,
				9FBFE637292A715500C250E9 /* Resources */,
				9F2A5421296AB631009B2D7C /* Embed Foundation Extensions */,
			);
			buildRules = (
			);
			dependencies = (
				9F2A541C296AB631009B2D7C /* PBXTargetDependency */,
			);
			name = IceCubesApp;
			packageProductDependencies = (
				9FBFE64D292A72BD00C250E9 /* Network */,
				9F29553F292B6C3400E0E81B /* Timeline */,
				9F398AA82935FFDB00A889F2 /* Account */,
				9F398AAA2935FFDB00A889F2 /* Models */,
				9FAE4ACD29379A5A00772766 /* KeychainSwift */,
				9F35DB43294F9A7D00B3281A /* Status */,
				9F35DB4929506FA100B3281A /* Notifications */,
				9F5E581829545BE700A53960 /* Env */,
				9F55C68F2955993C00F94077 /* Explore */,
				9FD542E62962D2FF0045321A /* Lists */,
				9F7335E92966B3F800AFF0BA /* Conversations */,
				9F2A540929699705009B2D7C /* ReceiptParser */,
				9F2A540B29699705009B2D7C /* RevenueCat */,
			);
			productName = IceCubesApp;
			productReference = 9FBFE639292A715500C250E9 /* IceCubesApp.app */;
			productType = "com.apple.product-type.application";
		};
/* End PBXNativeTarget section */

/* Begin PBXProject section */
		9FBFE631292A715500C250E9 /* Project object */ = {
			isa = PBXProject;
			attributes = {
				BuildIndependentTargetsInParallel = 1;
				LastSwiftUpdateCheck = 1420;
				LastUpgradeCheck = 1420;
				TargetAttributes = {
					9F2A5415296AB631009B2D7C = {
						CreatedOnToolsVersion = 14.2;
					};
					9FBFE638292A715500C250E9 = {
						CreatedOnToolsVersion = 14.1;
					};
				};
			};
			buildConfigurationList = 9FBFE634292A715500C250E9 /* Build configuration list for PBXProject "IceCubesApp" */;
			compatibilityVersion = "Xcode 14.0";
			developmentRegion = en;
			hasScannedForEncodings = 0;
			knownRegions = (
				en,
				Base,
			);
			mainGroup = 9FBFE630292A715500C250E9;
			packageReferences = (
				9FAE4ACC29379A5A00772766 /* XCRemoteSwiftPackageReference "keychain-swift" */,
				9F2A540829699705009B2D7C /* XCRemoteSwiftPackageReference "purchases-ios" */,
			);
			productRefGroup = 9FBFE63A292A715500C250E9 /* Products */;
			projectDirPath = "";
			projectRoot = "";
			targets = (
				9FBFE638292A715500C250E9 /* IceCubesApp */,
				9F2A5415296AB631009B2D7C /* IceCubesNotifications */,
			);
		};
/* End PBXProject section */

/* Begin PBXResourcesBuildPhase section */
		9F2A5414296AB631009B2D7C /* Resources */ = {
			isa = PBXResourcesBuildPhase;
			buildActionMask = 2147483647;
			files = (
			);
			runOnlyForDeploymentPostprocessing = 0;
		};
		9FBFE637292A715500C250E9 /* Resources */ = {
			isa = PBXResourcesBuildPhase;
			buildActionMask = 2147483647;
			files = (
				9F2A542C296B1177009B2D7C /* glass.caf in Resources */,
				9FD34823293D06E800DB0EE9 /* Assets.xcassets in Resources */,
				9F24EEB829360C330042359D /* Preview Assets.xcassets in Resources */,
				9F2A542E296B1CC0009B2D7C /* glass.wav in Resources */,
			);
			runOnlyForDeploymentPostprocessing = 0;
		};
/* End PBXResourcesBuildPhase section */

/* Begin PBXSourcesBuildPhase section */
		9F2A5412296AB631009B2D7C /* Sources */ = {
			isa = PBXSourcesBuildPhase;
			buildActionMask = 2147483647;
			files = (
				9F2A542A296AF557009B2D7C /* NotificationServiceSupport.swift in Sources */,
				9F2A5419296AB631009B2D7C /* NotificationService.swift in Sources */,
			);
			runOnlyForDeploymentPostprocessing = 0;
		};
		9FBFE635292A715500C250E9 /* Sources */ = {
			isa = PBXSourcesBuildPhase;
			buildActionMask = 2147483647;
			files = (
				9FE151A6293C90F900E9683D /* IconSelectorView.swift in Sources */,
				9F2B92FC295DA94500DE16D0 /* InstanceInfoView.swift in Sources */,
				9F35DB4C2952005C00B3281A /* MessagesTab.swift in Sources */,
				9FAE4ACB293783B000772766 /* SettingsTab.swift in Sources */,
				9F7335F92968576500AFF0BA /* DisplaySettingsView.swift in Sources */,
				9FAE4AD32937A0C600772766 /* AppAccountsManager.swift in Sources */,
				9F2B92FF295EB87100DE16D0 /* AppAccountView.swift in Sources */,
				9F2A540729699698009B2D7C /* SupportAppView.swift in Sources */,
				9F2B92F6295AE04800DE16D0 /* Tabs.swift in Sources */,
				9F398AB329360A4C00A889F2 /* TimelineTab.swift in Sources */,
				9F398AA62935FE8A00A889F2 /* AppRouteur.swift in Sources */,
				9F2B9301295EB8A100DE16D0 /* AppAccountViewModel.swift in Sources */,
				9FBFE63D292A715500C250E9 /* IceCubesApp.swift in Sources */,
				9F2B92FA295DA7D700DE16D0 /* AddAccountsView.swift in Sources */,
				639CDF9C296AC82F00C35E58 /* SafariRouteur.swift in Sources */,
				9F35DB4729506F6600B3281A /* NotificationTab.swift in Sources */,
				9F7335F22967608F00AFF0BA /* AddRemoteTimelineVIew.swift in Sources */,
				9F7335F72968274500AFF0BA /* AppAccountsSelectorView.swift in Sources */,
				9FAE4AD129379AD600772766 /* AppAccount.swift in Sources */,
				9F55C68D2955968700F94077 /* ExploreTab.swift in Sources */,
				9F2A5411296A1429009B2D7C /* PushNotificationsView.swift in Sources */,
			);
			runOnlyForDeploymentPostprocessing = 0;
		};
/* End PBXSourcesBuildPhase section */

/* Begin PBXTargetDependency section */
		9F2A541C296AB631009B2D7C /* PBXTargetDependency */ = {
			isa = PBXTargetDependency;
			target = 9F2A5415296AB631009B2D7C /* IceCubesNotifications */;
			targetProxy = 9F2A541B296AB631009B2D7C /* PBXContainerItemProxy */;
		};
/* End PBXTargetDependency section */

/* Begin XCBuildConfiguration section */
		9F2A541F296AB631009B2D7C /* Debug */ = {
			isa = XCBuildConfiguration;
			buildSettings = {
				CODE_SIGN_ENTITLEMENTS = IceCubesNotifications/IceCubesNotifications.entitlements;
				CODE_SIGN_IDENTITY = "-";
				"CODE_SIGN_IDENTITY[sdk=iphoneos*]" = "Apple Development";
				CODE_SIGN_STYLE = Automatic;
				CURRENT_PROJECT_VERSION = 730;
				DEVELOPMENT_TEAM = Z6P74P6T99;
				GENERATE_INFOPLIST_FILE = YES;
				INFOPLIST_FILE = IceCubesNotifications/Info.plist;
				INFOPLIST_KEY_CFBundleDisplayName = IceCubesNotifications;
				INFOPLIST_KEY_NSHumanReadableCopyright = "";
				IPHONEOS_DEPLOYMENT_TARGET = 16.1;
				LD_RUNPATH_SEARCH_PATHS = (
					"$(inherited)",
					"@executable_path/Frameworks",
					"@executable_path/../../Frameworks",
				);
				MARKETING_VERSION = 1.0;
				PRODUCT_BUNDLE_IDENTIFIER = com.thomasricouard.IceCubesApp.IceCubesNotifications;
				PRODUCT_NAME = "$(TARGET_NAME)";
				SDKROOT = iphoneos;
				SKIP_INSTALL = YES;
				SWIFT_EMIT_LOC_STRINGS = YES;
				SWIFT_VERSION = 5.0;
				TARGETED_DEVICE_FAMILY = "1,2";
			};
			name = Debug;
		};
		9F2A5420296AB631009B2D7C /* Release */ = {
			isa = XCBuildConfiguration;
			buildSettings = {
				CODE_SIGN_ENTITLEMENTS = IceCubesNotifications/IceCubesNotifications.entitlements;
				CODE_SIGN_IDENTITY = "-";
				"CODE_SIGN_IDENTITY[sdk=iphoneos*]" = "Apple Development";
				CODE_SIGN_STYLE = Automatic;
				CURRENT_PROJECT_VERSION = 730;
				DEVELOPMENT_TEAM = Z6P74P6T99;
				GENERATE_INFOPLIST_FILE = YES;
				INFOPLIST_FILE = IceCubesNotifications/Info.plist;
				INFOPLIST_KEY_CFBundleDisplayName = IceCubesNotifications;
				INFOPLIST_KEY_NSHumanReadableCopyright = "";
				IPHONEOS_DEPLOYMENT_TARGET = 16.1;
				LD_RUNPATH_SEARCH_PATHS = (
					"$(inherited)",
					"@executable_path/Frameworks",
					"@executable_path/../../Frameworks",
				);
				MARKETING_VERSION = 1.0;
				PRODUCT_BUNDLE_IDENTIFIER = com.thomasricouard.IceCubesApp.IceCubesNotifications;
				PRODUCT_NAME = "$(TARGET_NAME)";
				SDKROOT = iphoneos;
				SKIP_INSTALL = YES;
				SWIFT_EMIT_LOC_STRINGS = YES;
				SWIFT_VERSION = 5.0;
				TARGETED_DEVICE_FAMILY = "1,2";
				VALIDATE_PRODUCT = YES;
			};
			name = Release;
		};
		9FBFE646292A715600C250E9 /* Debug */ = {
			isa = XCBuildConfiguration;
			buildSettings = {
				ALWAYS_SEARCH_USER_PATHS = NO;
				CLANG_ANALYZER_NONNULL = YES;
				CLANG_ANALYZER_NUMBER_OBJECT_CONVERSION = YES_AGGRESSIVE;
				CLANG_CXX_LANGUAGE_STANDARD = "gnu++20";
				CLANG_ENABLE_MODULES = YES;
				CLANG_ENABLE_OBJC_ARC = YES;
				CLANG_ENABLE_OBJC_WEAK = YES;
				CLANG_WARN_BLOCK_CAPTURE_AUTORELEASING = YES;
				CLANG_WARN_BOOL_CONVERSION = YES;
				CLANG_WARN_COMMA = YES;
				CLANG_WARN_CONSTANT_CONVERSION = YES;
				CLANG_WARN_DEPRECATED_OBJC_IMPLEMENTATIONS = YES;
				CLANG_WARN_DIRECT_OBJC_ISA_USAGE = YES_ERROR;
				CLANG_WARN_DOCUMENTATION_COMMENTS = YES;
				CLANG_WARN_EMPTY_BODY = YES;
				CLANG_WARN_ENUM_CONVERSION = YES;
				CLANG_WARN_INFINITE_RECURSION = YES;
				CLANG_WARN_INT_CONVERSION = YES;
				CLANG_WARN_NON_LITERAL_NULL_CONVERSION = YES;
				CLANG_WARN_OBJC_IMPLICIT_RETAIN_SELF = YES;
				CLANG_WARN_OBJC_LITERAL_CONVERSION = YES;
				CLANG_WARN_OBJC_ROOT_CLASS = YES_ERROR;
				CLANG_WARN_QUOTED_INCLUDE_IN_FRAMEWORK_HEADER = YES;
				CLANG_WARN_RANGE_LOOP_ANALYSIS = YES;
				CLANG_WARN_STRICT_PROTOTYPES = YES;
				CLANG_WARN_SUSPICIOUS_MOVE = YES;
				CLANG_WARN_UNGUARDED_AVAILABILITY = YES_AGGRESSIVE;
				CLANG_WARN_UNREACHABLE_CODE = YES;
				CLANG_WARN__DUPLICATE_METHOD_MATCH = YES;
				COPY_PHASE_STRIP = NO;
				DEAD_CODE_STRIPPING = YES;
				DEBUG_INFORMATION_FORMAT = dwarf;
				ENABLE_STRICT_OBJC_MSGSEND = YES;
				ENABLE_TESTABILITY = YES;
				GCC_C_LANGUAGE_STANDARD = gnu11;
				GCC_DYNAMIC_NO_PIC = NO;
				GCC_NO_COMMON_BLOCKS = YES;
				GCC_OPTIMIZATION_LEVEL = 0;
				GCC_PREPROCESSOR_DEFINITIONS = (
					"DEBUG=1",
					"$(inherited)",
				);
				GCC_WARN_64_TO_32_BIT_CONVERSION = YES;
				GCC_WARN_ABOUT_RETURN_TYPE = YES_ERROR;
				GCC_WARN_UNDECLARED_SELECTOR = YES;
				GCC_WARN_UNINITIALIZED_AUTOS = YES_AGGRESSIVE;
				GCC_WARN_UNUSED_FUNCTION = YES;
				GCC_WARN_UNUSED_VARIABLE = YES;
				MTL_ENABLE_DEBUG_INFO = INCLUDE_SOURCE;
				MTL_FAST_MATH = YES;
				ONLY_ACTIVE_ARCH = YES;
				SWIFT_ACTIVE_COMPILATION_CONDITIONS = DEBUG;
				SWIFT_OPTIMIZATION_LEVEL = "-Onone";
			};
			name = Debug;
		};
		9FBFE647292A715600C250E9 /* Release */ = {
			isa = XCBuildConfiguration;
			buildSettings = {
				ALWAYS_SEARCH_USER_PATHS = NO;
				CLANG_ANALYZER_NONNULL = YES;
				CLANG_ANALYZER_NUMBER_OBJECT_CONVERSION = YES_AGGRESSIVE;
				CLANG_CXX_LANGUAGE_STANDARD = "gnu++20";
				CLANG_ENABLE_MODULES = YES;
				CLANG_ENABLE_OBJC_ARC = YES;
				CLANG_ENABLE_OBJC_WEAK = YES;
				CLANG_WARN_BLOCK_CAPTURE_AUTORELEASING = YES;
				CLANG_WARN_BOOL_CONVERSION = YES;
				CLANG_WARN_COMMA = YES;
				CLANG_WARN_CONSTANT_CONVERSION = YES;
				CLANG_WARN_DEPRECATED_OBJC_IMPLEMENTATIONS = YES;
				CLANG_WARN_DIRECT_OBJC_ISA_USAGE = YES_ERROR;
				CLANG_WARN_DOCUMENTATION_COMMENTS = YES;
				CLANG_WARN_EMPTY_BODY = YES;
				CLANG_WARN_ENUM_CONVERSION = YES;
				CLANG_WARN_INFINITE_RECURSION = YES;
				CLANG_WARN_INT_CONVERSION = YES;
				CLANG_WARN_NON_LITERAL_NULL_CONVERSION = YES;
				CLANG_WARN_OBJC_IMPLICIT_RETAIN_SELF = YES;
				CLANG_WARN_OBJC_LITERAL_CONVERSION = YES;
				CLANG_WARN_OBJC_ROOT_CLASS = YES_ERROR;
				CLANG_WARN_QUOTED_INCLUDE_IN_FRAMEWORK_HEADER = YES;
				CLANG_WARN_RANGE_LOOP_ANALYSIS = YES;
				CLANG_WARN_STRICT_PROTOTYPES = YES;
				CLANG_WARN_SUSPICIOUS_MOVE = YES;
				CLANG_WARN_UNGUARDED_AVAILABILITY = YES_AGGRESSIVE;
				CLANG_WARN_UNREACHABLE_CODE = YES;
				CLANG_WARN__DUPLICATE_METHOD_MATCH = YES;
				COPY_PHASE_STRIP = NO;
				DEAD_CODE_STRIPPING = YES;
				DEBUG_INFORMATION_FORMAT = "dwarf-with-dsym";
				ENABLE_NS_ASSERTIONS = NO;
				ENABLE_STRICT_OBJC_MSGSEND = YES;
				GCC_C_LANGUAGE_STANDARD = gnu11;
				GCC_NO_COMMON_BLOCKS = YES;
				GCC_WARN_64_TO_32_BIT_CONVERSION = YES;
				GCC_WARN_ABOUT_RETURN_TYPE = YES_ERROR;
				GCC_WARN_UNDECLARED_SELECTOR = YES;
				GCC_WARN_UNINITIALIZED_AUTOS = YES_AGGRESSIVE;
				GCC_WARN_UNUSED_FUNCTION = YES;
				GCC_WARN_UNUSED_VARIABLE = YES;
				MTL_ENABLE_DEBUG_INFO = NO;
				MTL_FAST_MATH = YES;
				SWIFT_COMPILATION_MODE = wholemodule;
				SWIFT_OPTIMIZATION_LEVEL = "-O";
			};
			name = Release;
		};
		9FBFE649292A715600C250E9 /* Debug */ = {
			isa = XCBuildConfiguration;
			buildSettings = {
				ALWAYS_EMBED_SWIFT_STANDARD_LIBRARIES = YES;
				ASSETCATALOG_COMPILER_ALTERNATE_APPICON_NAMES = "AppIconAlternate1 AppIconAlternate2 AppIconAlternate3 AppIconAlternate4 AppIconAlternate5 AppIconAlternate6 AppIconAlternate7 AppIconAlternate8 AppIconAlternate9 AppIconAlternate10 AppIconAlternate11 AppIconAlternate12 AppIconAlternate13 AppIconAlternate14 AppIconAlternate15 AppIconAlternate16 AppIconAlternate17 AppIconAlternate19 AppIconAlternate18";
				ASSETCATALOG_COMPILER_APPICON_NAME = AppIcon;
				ASSETCATALOG_COMPILER_GLOBAL_ACCENT_COLOR_NAME = AccentColor;
				ASSETCATALOG_COMPILER_INCLUDE_ALL_APPICON_ASSETS = NO;
				CODE_SIGN_ENTITLEMENTS = IceCubesApp/IceCubesApp.entitlements;
				CODE_SIGN_IDENTITY = "-";
				"CODE_SIGN_IDENTITY[sdk=iphoneos*]" = "Apple Development";
				CODE_SIGN_STYLE = Automatic;
				CURRENT_PROJECT_VERSION = 730;
				DEAD_CODE_STRIPPING = YES;
				DEVELOPMENT_ASSET_PATHS = "\"IceCubesApp/Resources\"";
				DEVELOPMENT_TEAM = Z6P74P6T99;
				ENABLE_HARDENED_RUNTIME = YES;
				ENABLE_PREVIEWS = YES;
				GENERATE_INFOPLIST_FILE = YES;
				INFOPLIST_FILE = IceCubesApp/Info.plist;
				INFOPLIST_KEY_CFBundleDisplayName = "Ice Cubes";
				INFOPLIST_KEY_LSApplicationCategoryType = "public.app-category.social-networking";
				INFOPLIST_KEY_NSCameraUsageDescription = "Upload photos & videos to Mastodon";
				INFOPLIST_KEY_NSPhotoLibraryUsageDescription = "Upload photos & videos to Mastodon";
				"INFOPLIST_KEY_UIApplicationSceneManifest_Generation[sdk=iphoneos*]" = YES;
				"INFOPLIST_KEY_UIApplicationSceneManifest_Generation[sdk=iphonesimulator*]" = YES;
				"INFOPLIST_KEY_UIApplicationSupportsIndirectInputEvents[sdk=iphoneos*]" = YES;
				"INFOPLIST_KEY_UIApplicationSupportsIndirectInputEvents[sdk=iphonesimulator*]" = YES;
				"INFOPLIST_KEY_UILaunchScreen_Generation[sdk=iphoneos*]" = YES;
				"INFOPLIST_KEY_UILaunchScreen_Generation[sdk=iphonesimulator*]" = YES;
				"INFOPLIST_KEY_UIStatusBarStyle[sdk=iphoneos*]" = UIStatusBarStyleDefault;
				"INFOPLIST_KEY_UIStatusBarStyle[sdk=iphonesimulator*]" = UIStatusBarStyleDefault;
				INFOPLIST_KEY_UISupportedInterfaceOrientations = UIInterfaceOrientationPortrait;
				INFOPLIST_KEY_UISupportedInterfaceOrientations_iPad = "UIInterfaceOrientationLandscapeLeft UIInterfaceOrientationLandscapeRight UIInterfaceOrientationPortrait UIInterfaceOrientationPortraitUpsideDown";
				IPHONEOS_DEPLOYMENT_TARGET = 16.1;
				LD_RUNPATH_SEARCH_PATHS = "@executable_path/Frameworks";
				"LD_RUNPATH_SEARCH_PATHS[sdk=macosx*]" = "@executable_path/../Frameworks";
				MACOSX_DEPLOYMENT_TARGET = 13.0;
				MARKETING_VERSION = 1.0;
				PRODUCT_BUNDLE_IDENTIFIER = com.thomasricouard.IceCubesApp;
				PRODUCT_NAME = "$(TARGET_NAME)";
				SDKROOT = auto;
				SUPPORTED_PLATFORMS = "iphoneos iphonesimulator";
				SUPPORTS_MACCATALYST = NO;
				SUPPORTS_MAC_DESIGNED_FOR_IPHONE_IPAD = YES;
				SWIFT_EMIT_LOC_STRINGS = YES;
				SWIFT_VERSION = 5.0;
				TARGETED_DEVICE_FAMILY = "1,2";
			};
			name = Debug;
		};
		9FBFE64A292A715600C250E9 /* Release */ = {
			isa = XCBuildConfiguration;
			buildSettings = {
				ALWAYS_EMBED_SWIFT_STANDARD_LIBRARIES = YES;
				ASSETCATALOG_COMPILER_ALTERNATE_APPICON_NAMES = "AppIconAlternate1 AppIconAlternate2 AppIconAlternate3 AppIconAlternate4 AppIconAlternate5 AppIconAlternate6 AppIconAlternate7 AppIconAlternate8 AppIconAlternate9 AppIconAlternate10 AppIconAlternate11 AppIconAlternate12 AppIconAlternate13 AppIconAlternate14 AppIconAlternate15 AppIconAlternate16 AppIconAlternate17 AppIconAlternate19 AppIconAlternate18";
				ASSETCATALOG_COMPILER_APPICON_NAME = AppIcon;
				ASSETCATALOG_COMPILER_GLOBAL_ACCENT_COLOR_NAME = AccentColor;
				ASSETCATALOG_COMPILER_INCLUDE_ALL_APPICON_ASSETS = NO;
				CODE_SIGN_ENTITLEMENTS = IceCubesApp/IceCubesApp.entitlements;
				CODE_SIGN_IDENTITY = "-";
				"CODE_SIGN_IDENTITY[sdk=iphoneos*]" = "Apple Development";
				CODE_SIGN_STYLE = Automatic;
				CURRENT_PROJECT_VERSION = 730;
				DEAD_CODE_STRIPPING = YES;
				DEVELOPMENT_ASSET_PATHS = "\"IceCubesApp/Resources\"";
				DEVELOPMENT_TEAM = Z6P74P6T99;
				ENABLE_HARDENED_RUNTIME = YES;
				ENABLE_PREVIEWS = YES;
				GENERATE_INFOPLIST_FILE = YES;
				INFOPLIST_FILE = IceCubesApp/Info.plist;
				INFOPLIST_KEY_CFBundleDisplayName = "Ice Cubes";
				INFOPLIST_KEY_LSApplicationCategoryType = "public.app-category.social-networking";
				INFOPLIST_KEY_NSCameraUsageDescription = "Upload photos & videos to Mastodon";
				INFOPLIST_KEY_NSPhotoLibraryUsageDescription = "Upload photos & videos to Mastodon";
				"INFOPLIST_KEY_UIApplicationSceneManifest_Generation[sdk=iphoneos*]" = YES;
				"INFOPLIST_KEY_UIApplicationSceneManifest_Generation[sdk=iphonesimulator*]" = YES;
				"INFOPLIST_KEY_UIApplicationSupportsIndirectInputEvents[sdk=iphoneos*]" = YES;
				"INFOPLIST_KEY_UIApplicationSupportsIndirectInputEvents[sdk=iphonesimulator*]" = YES;
				"INFOPLIST_KEY_UILaunchScreen_Generation[sdk=iphoneos*]" = YES;
				"INFOPLIST_KEY_UILaunchScreen_Generation[sdk=iphonesimulator*]" = YES;
				"INFOPLIST_KEY_UIStatusBarStyle[sdk=iphoneos*]" = UIStatusBarStyleDefault;
				"INFOPLIST_KEY_UIStatusBarStyle[sdk=iphonesimulator*]" = UIStatusBarStyleDefault;
				INFOPLIST_KEY_UISupportedInterfaceOrientations = UIInterfaceOrientationPortrait;
				INFOPLIST_KEY_UISupportedInterfaceOrientations_iPad = "UIInterfaceOrientationLandscapeLeft UIInterfaceOrientationLandscapeRight UIInterfaceOrientationPortrait UIInterfaceOrientationPortraitUpsideDown";
				IPHONEOS_DEPLOYMENT_TARGET = 16.1;
				LD_RUNPATH_SEARCH_PATHS = "@executable_path/Frameworks";
				"LD_RUNPATH_SEARCH_PATHS[sdk=macosx*]" = "@executable_path/../Frameworks";
				MACOSX_DEPLOYMENT_TARGET = 13.0;
				MARKETING_VERSION = 1.0;
				PRODUCT_BUNDLE_IDENTIFIER = com.thomasricouard.IceCubesApp;
				PRODUCT_NAME = "$(TARGET_NAME)";
				SDKROOT = auto;
				SUPPORTED_PLATFORMS = "iphoneos iphonesimulator";
				SUPPORTS_MACCATALYST = NO;
				SUPPORTS_MAC_DESIGNED_FOR_IPHONE_IPAD = YES;
				SWIFT_EMIT_LOC_STRINGS = YES;
				SWIFT_VERSION = 5.0;
				TARGETED_DEVICE_FAMILY = "1,2";
			};
			name = Release;
		};
/* End XCBuildConfiguration section */

/* Begin XCConfigurationList section */
		9F2A541E296AB631009B2D7C /* Build configuration list for PBXNativeTarget "IceCubesNotifications" */ = {
			isa = XCConfigurationList;
			buildConfigurations = (
				9F2A541F296AB631009B2D7C /* Debug */,
				9F2A5420296AB631009B2D7C /* Release */,
			);
			defaultConfigurationIsVisible = 0;
			defaultConfigurationName = Release;
		};
		9FBFE634292A715500C250E9 /* Build configuration list for PBXProject "IceCubesApp" */ = {
			isa = XCConfigurationList;
			buildConfigurations = (
				9FBFE646292A715600C250E9 /* Debug */,
				9FBFE647292A715600C250E9 /* Release */,
			);
			defaultConfigurationIsVisible = 0;
			defaultConfigurationName = Release;
		};
		9FBFE648292A715600C250E9 /* Build configuration list for PBXNativeTarget "IceCubesApp" */ = {
			isa = XCConfigurationList;
			buildConfigurations = (
				9FBFE649292A715600C250E9 /* Debug */,
				9FBFE64A292A715600C250E9 /* Release */,
			);
			defaultConfigurationIsVisible = 0;
			defaultConfigurationName = Release;
		};
/* End XCConfigurationList section */

/* Begin XCRemoteSwiftPackageReference section */
		9F2A540829699705009B2D7C /* XCRemoteSwiftPackageReference "purchases-ios" */ = {
			isa = XCRemoteSwiftPackageReference;
			repositoryURL = "https://github.com/RevenueCat/purchases-ios.git";
			requirement = {
				kind = upToNextMajorVersion;
				minimumVersion = 4.0.0;
			};
		};
		9FAE4ACC29379A5A00772766 /* XCRemoteSwiftPackageReference "keychain-swift" */ = {
			isa = XCRemoteSwiftPackageReference;
			repositoryURL = "https://github.com/evgenyneu/keychain-swift";
			requirement = {
				branch = master;
				kind = branch;
			};
		};
/* End XCRemoteSwiftPackageReference section */

/* Begin XCSwiftPackageProductDependency section */
		9F29553F292B6C3400E0E81B /* Timeline */ = {
			isa = XCSwiftPackageProductDependency;
			productName = Timeline;
		};
		9F2A540929699705009B2D7C /* ReceiptParser */ = {
			isa = XCSwiftPackageProductDependency;
			package = 9F2A540829699705009B2D7C /* XCRemoteSwiftPackageReference "purchases-ios" */;
			productName = ReceiptParser;
		};
		9F2A540B29699705009B2D7C /* RevenueCat */ = {
			isa = XCSwiftPackageProductDependency;
			package = 9F2A540829699705009B2D7C /* XCRemoteSwiftPackageReference "purchases-ios" */;
			productName = RevenueCat;
		};
		9F2A5423296AB67A009B2D7C /* Env */ = {
			isa = XCSwiftPackageProductDependency;
			productName = Env;
		};
		9F2A5425296AB67E009B2D7C /* KeychainSwift */ = {
			isa = XCSwiftPackageProductDependency;
			package = 9FAE4ACC29379A5A00772766 /* XCRemoteSwiftPackageReference "keychain-swift" */;
			productName = KeychainSwift;
		};
		9F2A5427296AB683009B2D7C /* Models */ = {
			isa = XCSwiftPackageProductDependency;
			productName = Models;
		};
		9F35DB43294F9A7D00B3281A /* Status */ = {
			isa = XCSwiftPackageProductDependency;
			productName = Status;
		};
		9F35DB4929506FA100B3281A /* Notifications */ = {
			isa = XCSwiftPackageProductDependency;
			productName = Notifications;
		};
		9F398AA82935FFDB00A889F2 /* Account */ = {
			isa = XCSwiftPackageProductDependency;
			productName = Account;
		};
		9F398AAA2935FFDB00A889F2 /* Models */ = {
			isa = XCSwiftPackageProductDependency;
			productName = Models;
		};
		9F55C68F2955993C00F94077 /* Explore */ = {
			isa = XCSwiftPackageProductDependency;
			productName = Explore;
		};
		9F5E581829545BE700A53960 /* Env */ = {
			isa = XCSwiftPackageProductDependency;
			productName = Env;
		};
		9F7335E92966B3F800AFF0BA /* Conversations */ = {
			isa = XCSwiftPackageProductDependency;
			productName = Conversations;
		};
		9FAE4ACD29379A5A00772766 /* KeychainSwift */ = {
			isa = XCSwiftPackageProductDependency;
			package = 9FAE4ACC29379A5A00772766 /* XCRemoteSwiftPackageReference "keychain-swift" */;
			productName = KeychainSwift;
		};
		9FBFE64D292A72BD00C250E9 /* Network */ = {
			isa = XCSwiftPackageProductDependency;
			productName = Network;
		};
		9FD542E62962D2FF0045321A /* Lists */ = {
			isa = XCSwiftPackageProductDependency;
			productName = Lists;
		};
/* End XCSwiftPackageProductDependency section */
	};
	rootObject = 9FBFE631292A715500C250E9 /* Project object */;
}
