{
  "pins" : [
    {
      "identity" : "emojitext",
      "kind" : "remoteSourceControl",
      "location" : "https://github.com/divadretlaw/EmojiText",
      "state" : {
        "revision" : "bb1fd025fe6da0d98b57088e9b40a37277e95503",
        "version" : "3.1.0"
      }
    },
    {
      "identity" : "keychain-swift",
      "kind" : "remoteSourceControl",
      "location" : "https://github.com/evgenyneu/keychain-swift",
      "state" : {
        "branch" : "master",
        "revision" : "c1fde55798b164cad44b5e23cfa2f0f1ebcd76af"
      }
    },
    {
      "identity" : "nuke",
      "kind" : "remoteSourceControl",
      "location" : "https://github.com/kean/Nuke",
      "state" : {
        "revision" : "6241e100294a2aa70d1811641585ab7da780bd0f",
        "version" : "12.0.0"
      }
    },
    {
      "identity" : "swiftsoup",
      "kind" : "remoteSourceControl",
      "location" : "https://github.com/scinfu/SwiftSoup.git",
      "state" : {
        "revision" : "f707b8680cddb96dc1855632340a572ef37bbb98",
        "version" : "2.5.3"
      }
    },
    {
      "identity" : "swiftui-shimmer",
      "kind" : "remoteSourceControl",
      "location" : "https://github.com/markiv/SwiftUI-Shimmer",
      "state" : {
        "revision" : "965a7cbcbf094cbcf22b9251a2323bdc3432e171",
        "version" : "1.1.0"
      }
    }
  ],
  "version" : 2
}
